// !$*UTF8*$!
{
	archiveVersion = 1;
	classes = {
	};
	objectVersion = 46;
	objects = {

/* Begin PBXBuildFile section */
		022095291CF474F300C8A4CC /* CategoriesTableViewController.swift in Sources */ = {isa = PBXBuildFile; fileRef = 022095281CF474F300C8A4CC /* CategoriesTableViewController.swift */; };
		0220952D1CF4761500C8A4CC /* SearchViewController.swift in Sources */ = {isa = PBXBuildFile; fileRef = 0220952C1CF4761500C8A4CC /* SearchViewController.swift */; };
		0220952F1CF476E700C8A4CC /* CategoryCollectionViewController.swift in Sources */ = {isa = PBXBuildFile; fileRef = 0220952E1CF476E700C8A4CC /* CategoryCollectionViewController.swift */; };
		022095331CF4775B00C8A4CC /* SearchResultsCollectionViewController.swift in Sources */ = {isa = PBXBuildFile; fileRef = 022095321CF4775B00C8A4CC /* SearchResultsCollectionViewController.swift */; };
		022095351CF4779000C8A4CC /* WishListCollectionViewController.swift in Sources */ = {isa = PBXBuildFile; fileRef = 022095341CF4779000C8A4CC /* WishListCollectionViewController.swift */; };
		0235ECA01CF5CC9C006C56FF /* MoreDetail.swift in Sources */ = {isa = PBXBuildFile; fileRef = 0235EC9F1CF5CC9C006C56FF /* MoreDetail.swift */; };
		5C11AC261CFB653B00966400 /* Games+CoreDataProperties.swift in Sources */ = {isa = PBXBuildFile; fileRef = 5C11AC241CFB653B00966400 /* Games+CoreDataProperties.swift */; };
		5C11AC271CFB653B00966400 /* Games.swift in Sources */ = {isa = PBXBuildFile; fileRef = 5C11AC251CFB653B00966400 /* Games.swift */; };
		5C6ADE9B1CEDF7C200150FD1 /* UsuarioWorker.swift in Sources */ = {isa = PBXBuildFile; fileRef = 5C6ADE941CEDF7C200150FD1 /* UsuarioWorker.swift */; };
		5C8D92AE1CEF2EB400B0E6D6 /* CoreDataWorker.swift in Sources */ = {isa = PBXBuildFile; fileRef = 5C8D92AD1CEF2EB400B0E6D6 /* CoreDataWorker.swift */; };
		5C8D92B51CEF430E00B0E6D6 /* TrailerGTV.xcdatamodeld in Sources */ = {isa = PBXBuildFile; fileRef = 5C8D92B31CEF430E00B0E6D6 /* TrailerGTV.xcdatamodeld */; };
		5CEE52A71CFDAFF200317DDB /* WishListCollectionViewCell.swift in Sources */ = {isa = PBXBuildFile; fileRef = 5CEE52A61CFDAFF200317DDB /* WishListCollectionViewCell.swift */; };
		5CFE29641CEA0C3100DAA6B2 /* LoginViewController.swift in Sources */ = {isa = PBXBuildFile; fileRef = 5CFE29631CEA0C3100DAA6B2 /* LoginViewController.swift */; };
		657F932B1CE20E6300C5C87B /* GameService.swift in Sources */ = {isa = PBXBuildFile; fileRef = 657F932A1CE20E6300C5C87B /* GameService.swift */; };
		65B7CB661CE9FBBF00A8D319 /* User.swift in Sources */ = {isa = PBXBuildFile; fileRef = 65B7CB651CE9FBBF00A8D319 /* User.swift */; };
		65C37DD21CD778D20085CED8 /* AppDelegate.swift in Sources */ = {isa = PBXBuildFile; fileRef = 65C37DD11CD778D20085CED8 /* AppDelegate.swift */; };
		65C37DD71CD778D20085CED8 /* Main.storyboard in Resources */ = {isa = PBXBuildFile; fileRef = 65C37DD51CD778D20085CED8 /* Main.storyboard */; };
		65C37DD91CD778D30085CED8 /* Assets.xcassets in Resources */ = {isa = PBXBuildFile; fileRef = 65C37DD81CD778D30085CED8 /* Assets.xcassets */; };
		65C37DE31CD780AA0085CED8 /* GameDetail.swift in Sources */ = {isa = PBXBuildFile; fileRef = 65C37DE21CD780AA0085CED8 /* GameDetail.swift */; };
		65C37DE51CD781880085CED8 /* GameCollectionViewController.swift in Sources */ = {isa = PBXBuildFile; fileRef = 65C37DE41CD781880085CED8 /* GameCollectionViewController.swift */; };
		65C37DE71CD782010085CED8 /* VideoViewController.swift in Sources */ = {isa = PBXBuildFile; fileRef = 65C37DE61CD782010085CED8 /* VideoViewController.swift */; };
		65C37DE91CD789680085CED8 /* GameCollectionViewCell.swift in Sources */ = {isa = PBXBuildFile; fileRef = 65C37DE81CD789680085CED8 /* GameCollectionViewCell.swift */; };
		65C37DED1CD79A140085CED8 /* Game.swift in Sources */ = {isa = PBXBuildFile; fileRef = 65C37DEC1CD79A140085CED8 /* Game.swift */; };
		65C790D11CECA016002B95D0 /* JSONexemplo.json in Resources */ = {isa = PBXBuildFile; fileRef = 65C790D01CECA016002B95D0 /* JSONexemplo.json */; };
		65C790D31CECA0DB002B95D0 /* JsonParser.swift in Sources */ = {isa = PBXBuildFile; fileRef = 65C790D21CECA0DB002B95D0 /* JsonParser.swift */; };
		65C790D61CECA2FA002B95D0 /* Extensions.swift in Sources */ = {isa = PBXBuildFile; fileRef = 65C790D51CECA2FA002B95D0 /* Extensions.swift */; };
		65C790D81CECC135002B95D0 /* ImageLoader.swift in Sources */ = {isa = PBXBuildFile; fileRef = 65C790D71CECC135002B95D0 /* ImageLoader.swift */; };
/* End PBXBuildFile section */

/* Begin PBXFileReference section */
		022095281CF474F300C8A4CC /* CategoriesTableViewController.swift */ = {isa = PBXFileReference; fileEncoding = 4; lastKnownFileType = sourcecode.swift; path = CategoriesTableViewController.swift; sourceTree = "<group>"; };
		0220952C1CF4761500C8A4CC /* SearchViewController.swift */ = {isa = PBXFileReference; fileEncoding = 4; lastKnownFileType = sourcecode.swift; path = SearchViewController.swift; sourceTree = "<group>"; };
		0220952E1CF476E700C8A4CC /* CategoryCollectionViewController.swift */ = {isa = PBXFileReference; fileEncoding = 4; lastKnownFileType = sourcecode.swift; path = CategoryCollectionViewController.swift; sourceTree = "<group>"; };
		022095321CF4775B00C8A4CC /* SearchResultsCollectionViewController.swift */ = {isa = PBXFileReference; fileEncoding = 4; lastKnownFileType = sourcecode.swift; path = SearchResultsCollectionViewController.swift; sourceTree = "<group>"; };
		022095341CF4779000C8A4CC /* WishListCollectionViewController.swift */ = {isa = PBXFileReference; fileEncoding = 4; lastKnownFileType = sourcecode.swift; path = WishListCollectionViewController.swift; sourceTree = "<group>"; };
		0235EC9F1CF5CC9C006C56FF /* MoreDetail.swift */ = {isa = PBXFileReference; fileEncoding = 4; lastKnownFileType = sourcecode.swift; path = MoreDetail.swift; sourceTree = "<group>"; };
		5C11AC241CFB653B00966400 /* Games+CoreDataProperties.swift */ = {isa = PBXFileReference; fileEncoding = 4; lastKnownFileType = sourcecode.swift; name = "Games+CoreDataProperties.swift"; path = "../Games+CoreDataProperties.swift"; sourceTree = "<group>"; };
		5C11AC251CFB653B00966400 /* Games.swift */ = {isa = PBXFileReference; fileEncoding = 4; lastKnownFileType = sourcecode.swift; name = Games.swift; path = ../Games.swift; sourceTree = "<group>"; };
		5C6ADE941CEDF7C200150FD1 /* UsuarioWorker.swift */ = {isa = PBXFileReference; fileEncoding = 4; lastKnownFileType = sourcecode.swift; path = UsuarioWorker.swift; sourceTree = "<group>"; };
		5C8D92AD1CEF2EB400B0E6D6 /* CoreDataWorker.swift */ = {isa = PBXFileReference; fileEncoding = 4; lastKnownFileType = sourcecode.swift; path = CoreDataWorker.swift; sourceTree = "<group>"; };
		5C8D92B41CEF430E00B0E6D6 /* TrailerGTV.xcdatamodel */ = {isa = PBXFileReference; lastKnownFileType = wrapper.xcdatamodel; path = TrailerGTV.xcdatamodel; sourceTree = "<group>"; };
		5CEE52A61CFDAFF200317DDB /* WishListCollectionViewCell.swift */ = {isa = PBXFileReference; fileEncoding = 4; lastKnownFileType = sourcecode.swift; path = WishListCollectionViewCell.swift; sourceTree = "<group>"; };
		5CFE29631CEA0C3100DAA6B2 /* LoginViewController.swift */ = {isa = PBXFileReference; fileEncoding = 4; lastKnownFileType = sourcecode.swift; path = LoginViewController.swift; sourceTree = "<group>"; };
		657F932A1CE20E6300C5C87B /* GameService.swift */ = {isa = PBXFileReference; fileEncoding = 4; lastKnownFileType = sourcecode.swift; path = GameService.swift; sourceTree = "<group>"; };
		65B7CB651CE9FBBF00A8D319 /* User.swift */ = {isa = PBXFileReference; fileEncoding = 4; lastKnownFileType = sourcecode.swift; path = User.swift; sourceTree = "<group>"; };
		65C37DCE1CD778D20085CED8 /* TrailerGTV.app */ = {isa = PBXFileReference; explicitFileType = wrapper.application; includeInIndex = 0; path = TrailerGTV.app; sourceTree = BUILT_PRODUCTS_DIR; };
		65C37DD11CD778D20085CED8 /* AppDelegate.swift */ = {isa = PBXFileReference; lastKnownFileType = sourcecode.swift; path = AppDelegate.swift; sourceTree = "<group>"; };
		65C37DD61CD778D20085CED8 /* Base */ = {isa = PBXFileReference; lastKnownFileType = file.storyboard; name = Base; path = Base.lproj/Main.storyboard; sourceTree = "<group>"; };
		65C37DD81CD778D30085CED8 /* Assets.xcassets */ = {isa = PBXFileReference; lastKnownFileType = folder.assetcatalog; path = Assets.xcassets; sourceTree = "<group>"; };
		65C37DDA1CD778D30085CED8 /* Info.plist */ = {isa = PBXFileReference; lastKnownFileType = text.plist.xml; path = Info.plist; sourceTree = "<group>"; };
		65C37DE21CD780AA0085CED8 /* GameDetail.swift */ = {isa = PBXFileReference; fileEncoding = 4; lastKnownFileType = sourcecode.swift; name = GameDetail.swift; path = ../GameDetail.swift; sourceTree = "<group>"; };
		65C37DE41CD781880085CED8 /* GameCollectionViewController.swift */ = {isa = PBXFileReference; fileEncoding = 4; lastKnownFileType = sourcecode.swift; path = GameCollectionViewController.swift; sourceTree = "<group>"; };
		65C37DE61CD782010085CED8 /* VideoViewController.swift */ = {isa = PBXFileReference; fileEncoding = 4; lastKnownFileType = sourcecode.swift; path = VideoViewController.swift; sourceTree = "<group>"; };
		65C37DE81CD789680085CED8 /* GameCollectionViewCell.swift */ = {isa = PBXFileReference; fileEncoding = 4; lastKnownFileType = sourcecode.swift; path = GameCollectionViewCell.swift; sourceTree = "<group>"; };
		65C37DEC1CD79A140085CED8 /* Game.swift */ = {isa = PBXFileReference; fileEncoding = 4; lastKnownFileType = sourcecode.swift; path = Game.swift; sourceTree = "<group>"; };
		65C790D01CECA016002B95D0 /* JSONexemplo.json */ = {isa = PBXFileReference; fileEncoding = 4; lastKnownFileType = text.json; path = JSONexemplo.json; sourceTree = "<group>"; };
		65C790D21CECA0DB002B95D0 /* JsonParser.swift */ = {isa = PBXFileReference; fileEncoding = 4; lastKnownFileType = sourcecode.swift; path = JsonParser.swift; sourceTree = "<group>"; };
		65C790D51CECA2FA002B95D0 /* Extensions.swift */ = {isa = PBXFileReference; fileEncoding = 4; lastKnownFileType = sourcecode.swift; path = Extensions.swift; sourceTree = "<group>"; };
		65C790D71CECC135002B95D0 /* ImageLoader.swift */ = {isa = PBXFileReference; fileEncoding = 4; lastKnownFileType = sourcecode.swift; path = ImageLoader.swift; sourceTree = "<group>"; };
/* End PBXFileReference section */

/* Begin PBXFrameworksBuildPhase section */
		65C37DCB1CD778D20085CED8 /* Frameworks */ = {
			isa = PBXFrameworksBuildPhase;
			buildActionMask = 2147483647;
			files = (
			);
			runOnlyForDeploymentPostprocessing = 0;
		};
/* End PBXFrameworksBuildPhase section */

/* Begin PBXGroup section */
		0220952A1CF4750700C8A4CC /* View Controllers */ = {
			isa = PBXGroup;
			children = (
				65C37DE21CD780AA0085CED8 /* GameDetail.swift */,
				0235EC9F1CF5CC9C006C56FF /* MoreDetail.swift */,
				5CFE29631CEA0C3100DAA6B2 /* LoginViewController.swift */,
				0220952C1CF4761500C8A4CC /* SearchViewController.swift */,
			);
			name = "View Controllers";
			sourceTree = "<group>";
		};
		0220952B1CF475A300C8A4CC /* Cells */ = {
			isa = PBXGroup;
			children = (
				65C37DE81CD789680085CED8 /* GameCollectionViewCell.swift */,
				5CEE52A61CFDAFF200317DDB /* WishListCollectionViewCell.swift */,
			);
			name = Cells;
			sourceTree = "<group>";
		};
		022095301CF476F300C8A4CC /* Collection View Controllers */ = {
			isa = PBXGroup;
			children = (
				65C37DE41CD781880085CED8 /* GameCollectionViewController.swift */,
				0220952E1CF476E700C8A4CC /* CategoryCollectionViewController.swift */,
				022095321CF4775B00C8A4CC /* SearchResultsCollectionViewController.swift */,
				022095341CF4779000C8A4CC /* WishListCollectionViewController.swift */,
			);
			name = "Collection View Controllers";
			sourceTree = "<group>";
		};
		022095311CF4771500C8A4CC /* Table View Controllers */ = {
			isa = PBXGroup;
			children = (
				022095281CF474F300C8A4CC /* CategoriesTableViewController.swift */,
				0220952B1CF475A300C8A4CC /* Cells */,
			);
			name = "Table View Controllers";
			sourceTree = "<group>";
		};
		022095361CF477A700C8A4CC /* Controllers */ = {
			isa = PBXGroup;
			children = (
				0220952A1CF4750700C8A4CC /* View Controllers */,
				022095311CF4771500C8A4CC /* Table View Controllers */,
				022095301CF476F300C8A4CC /* Collection View Controllers */,
			);
			name = Controllers;
			sourceTree = "<group>";
		};
		5C8D92AF1CEF2F5C00B0E6D6 /* Workers */ = {
			isa = PBXGroup;
			children = (
				5C11AC241CFB653B00966400 /* Games+CoreDataProperties.swift */,
				5C11AC251CFB653B00966400 /* Games.swift */,
				5C6ADE941CEDF7C200150FD1 /* UsuarioWorker.swift */,
				5C8D92AD1CEF2EB400B0E6D6 /* CoreDataWorker.swift */,
			);
			name = Workers;
			sourceTree = "<group>";
		};
		65C37DC51CD778D20085CED8 = {
			isa = PBXGroup;
			children = (
				65C37DD01CD778D20085CED8 /* TrailerGTV */,
				65C37DCF1CD778D20085CED8 /* Products */,
			);
			sourceTree = "<group>";
		};
		65C37DCF1CD778D20085CED8 /* Products */ = {
			isa = PBXGroup;
			children = (
				65C37DCE1CD778D20085CED8 /* TrailerGTV.app */,
			);
			name = Products;
			sourceTree = "<group>";
		};
		65C37DD01CD778D20085CED8 /* TrailerGTV */ = {
			isa = PBXGroup;
			children = (
				5C8D92AF1CEF2F5C00B0E6D6 /* Workers */,
				65C37DEC1CD79A140085CED8 /* Game.swift */,
				65B7CB651CE9FBBF00A8D319 /* User.swift */,
				65C790D71CECC135002B95D0 /* ImageLoader.swift */,
				657F932A1CE20E6300C5C87B /* GameService.swift */,
				65C37DD11CD778D20085CED8 /* AppDelegate.swift */,
				65C790D41CECA22D002B95D0 /* JSON */,
				022095361CF477A700C8A4CC /* Controllers */,
				65C37DD51CD778D20085CED8 /* Main.storyboard */,
				65C37DD81CD778D30085CED8 /* Assets.xcassets */,
				65C37DDA1CD778D30085CED8 /* Info.plist */,
				5C8D92B31CEF430E00B0E6D6 /* TrailerGTV.xcdatamodeld */,
				65C37DE61CD782010085CED8 /* VideoViewController.swift */,
			);
			path = TrailerGTV;
			sourceTree = "<group>";
		};
		65C790D41CECA22D002B95D0 /* JSON */ = {
			isa = PBXGroup;
			children = (
				65C790D01CECA016002B95D0 /* JSONexemplo.json */,
				65C790D21CECA0DB002B95D0 /* JsonParser.swift */,
				65C790D51CECA2FA002B95D0 /* Extensions.swift */,
			);
			name = JSON;
			sourceTree = "<group>";
		};
/* End PBXGroup section */

/* Begin PBXNativeTarget section */
		65C37DCD1CD778D20085CED8 /* TrailerGTV */ = {
			isa = PBXNativeTarget;
			buildConfigurationList = 65C37DDD1CD778D30085CED8 /* Build configuration list for PBXNativeTarget "TrailerGTV" */;
			buildPhases = (
				65C37DCA1CD778D20085CED8 /* Sources */,
				65C37DCB1CD778D20085CED8 /* Frameworks */,
				65C37DCC1CD778D20085CED8 /* Resources */,
			);
			buildRules = (
			);
			dependencies = (
			);
			name = TrailerGTV;
			productName = TrailerGTV;
			productReference = 65C37DCE1CD778D20085CED8 /* TrailerGTV.app */;
			productType = "com.apple.product-type.application";
		};
/* End PBXNativeTarget section */

/* Begin PBXProject section */
		65C37DC61CD778D20085CED8 /* Project object */ = {
			isa = PBXProject;
			attributes = {
				LastSwiftUpdateCheck = 0730;
				LastUpgradeCheck = 0730;
				ORGANIZATIONNAME = "Daniel Trevisan";
				TargetAttributes = {
					65C37DCD1CD778D20085CED8 = {
						CreatedOnToolsVersion = 7.3;
						DevelopmentTeam = Y9RSVMA5C5;
					};
				};
			};
			buildConfigurationList = 65C37DC91CD778D20085CED8 /* Build configuration list for PBXProject "TrailerGTV" */;
			compatibilityVersion = "Xcode 3.2";
			developmentRegion = English;
			hasScannedForEncodings = 0;
			knownRegions = (
				en,
				Base,
			);
			mainGroup = 65C37DC51CD778D20085CED8;
			productRefGroup = 65C37DCF1CD778D20085CED8 /* Products */;
			projectDirPath = "";
			projectRoot = "";
			targets = (
				65C37DCD1CD778D20085CED8 /* TrailerGTV */,
			);
		};
/* End PBXProject section */

/* Begin PBXResourcesBuildPhase section */
		65C37DCC1CD778D20085CED8 /* Resources */ = {
			isa = PBXResourcesBuildPhase;
			buildActionMask = 2147483647;
			files = (
				65C790D11CECA016002B95D0 /* JSONexemplo.json in Resources */,
				65C37DD91CD778D30085CED8 /* Assets.xcassets in Resources */,
				65C37DD71CD778D20085CED8 /* Main.storyboard in Resources */,
			);
			runOnlyForDeploymentPostprocessing = 0;
		};
/* End PBXResourcesBuildPhase section */

/* Begin PBXSourcesBuildPhase section */
		65C37DCA1CD778D20085CED8 /* Sources */ = {
			isa = PBXSourcesBuildPhase;
			buildActionMask = 2147483647;
			files = (
				65C37DE31CD780AA0085CED8 /* GameDetail.swift in Sources */,
				5C8D92B51CEF430E00B0E6D6 /* TrailerGTV.xcdatamodeld in Sources */,
				5C6ADE9B1CEDF7C200150FD1 /* UsuarioWorker.swift in Sources */,
				5C8D92AE1CEF2EB400B0E6D6 /* CoreDataWorker.swift in Sources */,
				65C37DED1CD79A140085CED8 /* Game.swift in Sources */,
				65C37DE91CD789680085CED8 /* GameCollectionViewCell.swift in Sources */,
				65C37DE51CD781880085CED8 /* GameCollectionViewController.swift in Sources */,
				5C11AC261CFB653B00966400 /* Games+CoreDataProperties.swift in Sources */,
				65B7CB661CE9FBBF00A8D319 /* User.swift in Sources */,
				0235ECA01CF5CC9C006C56FF /* MoreDetail.swift in Sources */,
				5CEE52A71CFDAFF200317DDB /* WishListCollectionViewCell.swift in Sources */,
				5C11AC271CFB653B00966400 /* Games.swift in Sources */,
				0220952F1CF476E700C8A4CC /* CategoryCollectionViewController.swift in Sources */,
				65C37DE71CD782010085CED8 /* VideoViewController.swift in Sources */,
				022095351CF4779000C8A4CC /* WishListCollectionViewController.swift in Sources */,
				65C790D61CECA2FA002B95D0 /* Extensions.swift in Sources */,
				65C37DD21CD778D20085CED8 /* AppDelegate.swift in Sources */,
				022095331CF4775B00C8A4CC /* SearchResultsCollectionViewController.swift in Sources */,
				0220952D1CF4761500C8A4CC /* SearchViewController.swift in Sources */,
				5CFE29641CEA0C3100DAA6B2 /* LoginViewController.swift in Sources */,
				65C790D31CECA0DB002B95D0 /* JsonParser.swift in Sources */,
				657F932B1CE20E6300C5C87B /* GameService.swift in Sources */,
				65C790D81CECC135002B95D0 /* ImageLoader.swift in Sources */,
				022095291CF474F300C8A4CC /* CategoriesTableViewController.swift in Sources */,
			);
			runOnlyForDeploymentPostprocessing = 0;
		};
/* End PBXSourcesBuildPhase section */

/* Begin PBXVariantGroup section */
		65C37DD51CD778D20085CED8 /* Main.storyboard */ = {
			isa = PBXVariantGroup;
			children = (
				65C37DD61CD778D20085CED8 /* Base */,
			);
			name = Main.storyboard;
			sourceTree = "<group>";
		};
/* End PBXVariantGroup section */

/* Begin XCBuildConfiguration section */
		65C37DDB1CD778D30085CED8 /* Debug */ = {
			isa = XCBuildConfiguration;
			buildSettings = {
				ALWAYS_SEARCH_USER_PATHS = NO;
				CLANG_ANALYZER_NONNULL = YES;
				CLANG_CXX_LANGUAGE_STANDARD = "gnu++0x";
				CLANG_CXX_LIBRARY = "libc++";
				CLANG_ENABLE_MODULES = YES;
				CLANG_ENABLE_OBJC_ARC = YES;
				CLANG_WARN_BOOL_CONVERSION = YES;
				CLANG_WARN_CONSTANT_CONVERSION = YES;
				CLANG_WARN_DIRECT_OBJC_ISA_USAGE = YES_ERROR;
				CLANG_WARN_EMPTY_BODY = YES;
				CLANG_WARN_ENUM_CONVERSION = YES;
				CLANG_WARN_INT_CONVERSION = YES;
				CLANG_WARN_OBJC_ROOT_CLASS = YES_ERROR;
				CLANG_WARN_UNREACHABLE_CODE = YES;
				CLANG_WARN__DUPLICATE_METHOD_MATCH = YES;
				COPY_PHASE_STRIP = NO;
				DEBUG_INFORMATION_FORMAT = dwarf;
				ENABLE_STRICT_OBJC_MSGSEND = YES;
				ENABLE_TESTABILITY = YES;
				GCC_C_LANGUAGE_STANDARD = gnu99;
				GCC_DYNAMIC_NO_PIC = NO;
				GCC_NO_COMMON_BLOCKS = YES;
				GCC_OPTIMIZATION_LEVEL = 0;
				GCC_PREPROCESSOR_DEFINITIONS = (
					"DEBUG=1",
					"$(inherited)",
				);
				GCC_WARN_64_TO_32_BIT_CONVERSION = YES;
				GCC_WARN_ABOUT_RETURN_TYPE = YES_ERROR;
				GCC_WARN_UNDECLARED_SELECTOR = YES;
				GCC_WARN_UNINITIALIZED_AUTOS = YES_AGGRESSIVE;
				GCC_WARN_UNUSED_FUNCTION = YES;
				GCC_WARN_UNUSED_VARIABLE = YES;
				MTL_ENABLE_DEBUG_INFO = YES;
				ONLY_ACTIVE_ARCH = YES;
				SDKROOT = appletvos;
				SWIFT_OPTIMIZATION_LEVEL = "-Onone";
				TARGETED_DEVICE_FAMILY = 3;
				TVOS_DEPLOYMENT_TARGET = 9.2;
			};
			name = Debug;
		};
		65C37DDC1CD778D30085CED8 /* Release */ = {
			isa = XCBuildConfiguration;
			buildSettings = {
				ALWAYS_SEARCH_USER_PATHS = NO;
				CLANG_ANALYZER_NONNULL = YES;
				CLANG_CXX_LANGUAGE_STANDARD = "gnu++0x";
				CLANG_CXX_LIBRARY = "libc++";
				CLANG_ENABLE_MODULES = YES;
				CLANG_ENABLE_OBJC_ARC = YES;
				CLANG_WARN_BOOL_CONVERSION = YES;
				CLANG_WARN_CONSTANT_CONVERSION = YES;
				CLANG_WARN_DIRECT_OBJC_ISA_USAGE = YES_ERROR;
				CLANG_WARN_EMPTY_BODY = YES;
				CLANG_WARN_ENUM_CONVERSION = YES;
				CLANG_WARN_INT_CONVERSION = YES;
				CLANG_WARN_OBJC_ROOT_CLASS = YES_ERROR;
				CLANG_WARN_UNREACHABLE_CODE = YES;
				CLANG_WARN__DUPLICATE_METHOD_MATCH = YES;
				COPY_PHASE_STRIP = NO;
				DEBUG_INFORMATION_FORMAT = "dwarf-with-dsym";
				ENABLE_NS_ASSERTIONS = NO;
				ENABLE_STRICT_OBJC_MSGSEND = YES;
				GCC_C_LANGUAGE_STANDARD = gnu99;
				GCC_NO_COMMON_BLOCKS = YES;
				GCC_WARN_64_TO_32_BIT_CONVERSION = YES;
				GCC_WARN_ABOUT_RETURN_TYPE = YES_ERROR;
				GCC_WARN_UNDECLARED_SELECTOR = YES;
				GCC_WARN_UNINITIALIZED_AUTOS = YES_AGGRESSIVE;
				GCC_WARN_UNUSED_FUNCTION = YES;
				GCC_WARN_UNUSED_VARIABLE = YES;
				MTL_ENABLE_DEBUG_INFO = NO;
				SDKROOT = appletvos;
				TARGETED_DEVICE_FAMILY = 3;
				TVOS_DEPLOYMENT_TARGET = 9.2;
				VALIDATE_PRODUCT = YES;
			};
			name = Release;
		};
		65C37DDE1CD778D30085CED8 /* Debug */ = {
			isa = XCBuildConfiguration;
			buildSettings = {
				ASSETCATALOG_COMPILER_APPICON_NAME = "App Icon & Top Shelf Image";
				ASSETCATALOG_COMPILER_LAUNCHIMAGE_NAME = LaunchImage;
				INFOPLIST_FILE = TrailerGTV/Info.plist;
				LD_RUNPATH_SEARCH_PATHS = "$(inherited) @executable_path/Frameworks";
				PRODUCT_BUNDLE_IDENTIFIER = irsft.TrailerGTV;
				PRODUCT_NAME = "$(TARGET_NAME)";
			};
			name = Debug;
		};
		65C37DDF1CD778D30085CED8 /* Release */ = {
			isa = XCBuildConfiguration;
			buildSettings = {
				ASSETCATALOG_COMPILER_APPICON_NAME = "App Icon & Top Shelf Image";
				ASSETCATALOG_COMPILER_LAUNCHIMAGE_NAME = LaunchImage;
				INFOPLIST_FILE = TrailerGTV/Info.plist;
				LD_RUNPATH_SEARCH_PATHS = "$(inherited) @executable_path/Frameworks";
				PRODUCT_BUNDLE_IDENTIFIER = irsft.TrailerGTV;
				PRODUCT_NAME = "$(TARGET_NAME)";
			};
			name = Release;
		};
/* End XCBuildConfiguration section */

/* Begin XCConfigurationList section */
		65C37DC91CD778D20085CED8 /* Build configuration list for PBXProject "TrailerGTV" */ = {
			isa = XCConfigurationList;
			buildConfigurations = (
				65C37DDB1CD778D30085CED8 /* Debug */,
				65C37DDC1CD778D30085CED8 /* Release */,
			);
			defaultConfigurationIsVisible = 0;
			defaultConfigurationName = Release;
		};
		65C37DDD1CD778D30085CED8 /* Build configuration list for PBXNativeTarget "TrailerGTV" */ = {
			isa = XCConfigurationList;
			buildConfigurations = (
				65C37DDE1CD778D30085CED8 /* Debug */,
				65C37DDF1CD778D30085CED8 /* Release */,
			);
			defaultConfigurationIsVisible = 0;
			defaultConfigurationName = Release;
		};
/* End XCConfigurationList section */

/* Begin XCVersionGroup section */
		5C8D92B31CEF430E00B0E6D6 /* TrailerGTV.xcdatamodeld */ = {
			isa = XCVersionGroup;
			children = (
				5C8D92B41CEF430E00B0E6D6 /* TrailerGTV.xcdatamodel */,
			);
			currentVersion = 5C8D92B41CEF430E00B0E6D6 /* TrailerGTV.xcdatamodel */;
			path = TrailerGTV.xcdatamodeld;
			sourceTree = "<group>";
			versionGroupType = wrapper.xcdatamodel;
		};
/* End XCVersionGroup section */
	};
	rootObject = 65C37DC61CD778D20085CED8 /* Project object */;
}
